// !$*UTF8*$!
{
	archiveVersion = 1;
	classes = {
	};
	objectVersion = 46;
	objects = {

/* Begin PBXBuildFile section */
		1331DC8D1C9A0B0300BB30AC /* main.m in Sources */ = {isa = PBXBuildFile; fileRef = 1331DC8C1C9A0B0300BB30AC /* main.m */; };
		1331DC901C9A0B0300BB30AC /* AppDelegate.m in Sources */ = {isa = PBXBuildFile; fileRef = 1331DC8F1C9A0B0300BB30AC /* AppDelegate.m */; };
		1331DC961C9A0B0300BB30AC /* Main.storyboard in Resources */ = {isa = PBXBuildFile; fileRef = 1331DC941C9A0B0300BB30AC /* Main.storyboard */; };
		1331DC981C9A0B0300BB30AC /* Assets.xcassets in Resources */ = {isa = PBXBuildFile; fileRef = 1331DC971C9A0B0300BB30AC /* Assets.xcassets */; };
		1331DC9B1C9A0B0300BB30AC /* LaunchScreen.storyboard in Resources */ = {isa = PBXBuildFile; fileRef = 1331DC991C9A0B0300BB30AC /* LaunchScreen.storyboard */; };
		1331DCA41C9A0B8300BB30AC /* TwitterizerViewController.m in Sources */ = {isa = PBXBuildFile; fileRef = 1331DCA31C9A0B8300BB30AC /* TwitterizerViewController.m */; };
/* End PBXBuildFile section */

/* Begin PBXFileReference section */
		1331DC881C9A0B0300BB30AC /* Twitterizer.app */ = {isa = PBXFileReference; explicitFileType = wrapper.application; includeInIndex = 0; path = Twitterizer.app; sourceTree = BUILT_PRODUCTS_DIR; };
		1331DC8C1C9A0B0300BB30AC /* main.m */ = {isa = PBXFileReference; lastKnownFileType = sourcecode.c.objc; path = main.m; sourceTree = "<group>"; };
		1331DC8E1C9A0B0300BB30AC /* AppDelegate.h */ = {isa = PBXFileReference; lastKnownFileType = sourcecode.c.h; path = AppDelegate.h; sourceTree = "<group>"; };
		1331DC8F1C9A0B0300BB30AC /* AppDelegate.m */ = {isa = PBXFileReference; lastKnownFileType = sourcecode.c.objc; path = AppDelegate.m; sourceTree = "<group>"; };
		1331DC951C9A0B0300BB30AC /* Base */ = {isa = PBXFileReference; lastKnownFileType = file.storyboard; name = Base; path = Base.lproj/Main.storyboard; sourceTree = "<group>"; };
		1331DC971C9A0B0300BB30AC /* Assets.xcassets */ = {isa = PBXFileReference; lastKnownFileType = folder.assetcatalog; path = Assets.xcassets; sourceTree = "<group>"; };
		1331DC9A1C9A0B0300BB30AC /* Base */ = {isa = PBXFileReference; lastKnownFileType = file.storyboard; name = Base; path = Base.lproj/LaunchScreen.storyboard; sourceTree = "<group>"; };
		1331DC9C1C9A0B0300BB30AC /* Info.plist */ = {isa = PBXFileReference; lastKnownFileType = text.plist.xml; path = Info.plist; sourceTree = "<group>"; };
		1331DCA21C9A0B8300BB30AC /* TwitterizerViewController.h */ = {isa = PBXFileReference; fileEncoding = 4; lastKnownFileType = sourcecode.c.h; path = TwitterizerViewController.h; sourceTree = "<group>"; };
		1331DCA31C9A0B8300BB30AC /* TwitterizerViewController.m */ = {isa = PBXFileReference; fileEncoding = 4; lastKnownFileType = sourcecode.c.objc; path = TwitterizerViewController.m; sourceTree = "<group>"; };
/* End PBXFileReference section */

/* Begin PBXFrameworksBuildPhase section */
		1331DC851C9A0B0300BB30AC /* Frameworks */ = {
			isa = PBXFrameworksBuildPhase;
			buildActionMask = 2147483647;
			files = (
			);
			runOnlyForDeploymentPostprocessing = 0;
		};
/* End PBXFrameworksBuildPhase section */

/* Begin PBXGroup section */
		1331DC7F1C9A0B0300BB30AC = {
			isa = PBXGroup;
			children = (
				1331DC8A1C9A0B0300BB30AC /* Twitterizer */,
				1331DC891C9A0B0300BB30AC /* Products */,
			);
			sourceTree = "<group>";
		};
		1331DC891C9A0B0300BB30AC /* Products */ = {
			isa = PBXGroup;
			children = (
				1331DC881C9A0B0300BB30AC /* Twitterizer.app */,
			);
			name = Products;
			sourceTree = "<group>";
		};
		1331DC8A1C9A0B0300BB30AC /* Twitterizer */ = {
			isa = PBXGroup;
			children = (
				1331DC8E1C9A0B0300BB30AC /* AppDelegate.h */,
				1331DC8F1C9A0B0300BB30AC /* AppDelegate.m */,
				1331DC941C9A0B0300BB30AC /* Main.storyboard */,
				1331DCA21C9A0B8300BB30AC /* TwitterizerViewController.h */,
				1331DCA31C9A0B8300BB30AC /* TwitterizerViewController.m */,
				1331DC971C9A0B0300BB30AC /* Assets.xcassets */,
				1331DC991C9A0B0300BB30AC /* LaunchScreen.storyboard */,
				1331DC9C1C9A0B0300BB30AC /* Info.plist */,
				1331DC8B1C9A0B0300BB30AC /* Supporting Files */,
			);
			path = Twitterizer;
			sourceTree = "<group>";
		};
		1331DC8B1C9A0B0300BB30AC /* Supporting Files */ = {
			isa = PBXGroup;
			children = (
				1331DC8C1C9A0B0300BB30AC /* main.m */,
			);
			name = "Supporting Files";
			sourceTree = "<group>";
		};
/* End PBXGroup section */

/* Begin PBXNativeTarget section */
		1331DC871C9A0B0300BB30AC /* Twitterizer */ = {
			isa = PBXNativeTarget;
			buildConfigurationList = 1331DC9F1C9A0B0300BB30AC /* Build configuration list for PBXNativeTarget "Twitterizer" */;
			buildPhases = (
				1331DC841C9A0B0300BB30AC /* Sources */,
				1331DC851C9A0B0300BB30AC /* Frameworks */,
				1331DC861C9A0B0300BB30AC /* Resources */,
			);
			buildRules = (
			);
			dependencies = (
			);
			name = Twitterizer;
			productName = Twitterizer;
			productReference = 1331DC881C9A0B0300BB30AC /* Twitterizer.app */;
			productType = "com.apple.product-type.application";
		};
/* End PBXNativeTarget section */

/* Begin PBXProject section */
		1331DC801C9A0B0300BB30AC /* Project object */ = {
			isa = PBXProject;
			attributes = {
				LastUpgradeCheck = 0720;
				ORGANIZATIONNAME = "Suleiman Younossi";
				TargetAttributes = {
					1331DC871C9A0B0300BB30AC = {
						CreatedOnToolsVersion = 7.2.1;
					};
				};
			};
			buildConfigurationList = 1331DC831C9A0B0300BB30AC /* Build configuration list for PBXProject "Twitterizer" */;
			compatibilityVersion = "Xcode 3.2";
			developmentRegion = English;
			hasScannedForEncodings = 0;
			knownRegions = (
				en,
				Base,
			);
			mainGroup = 1331DC7F1C9A0B0300BB30AC;
			productRefGroup = 1331DC891C9A0B0300BB30AC /* Products */;
			projectDirPath = "";
			projectRoot = "";
			targets = (
				1331DC871C9A0B0300BB30AC /* Twitterizer */,
			);
		};
/* End PBXProject section */

/* Begin PBXResourcesBuildPhase section */
		1331DC861C9A0B0300BB30AC /* Resources */ = {
			isa = PBXResourcesBuildPhase;
			buildActionMask = 2147483647;
			files = (
				1331DC9B1C9A0B0300BB30AC /* LaunchScreen.storyboard in Resources */,
				1331DC981C9A0B0300BB30AC /* Assets.xcassets in Resources */,
				1331DC961C9A0B0300BB30AC /* Main.storyboard in Resources */,
			);
			runOnlyForDeploymentPostprocessing = 0;
		};
/* End PBXResourcesBuildPhase section */

/* Begin PBXSourcesBuildPhase section */
		1331DC841C9A0B0300BB30AC /* Sources */ = {
			isa = PBXSourcesBuildPhase;
			buildActionMask = 2147483647;
			files = (
				1331DC901C9A0B0300BB30AC /* AppDelegate.m in Sources */,
				1331DCA41C9A0B8300BB30AC /* TwitterizerViewController.m in Sources */,
				1331DC8D1C9A0B0300BB30AC /* main.m in Sources */,
			);
			runOnlyForDeploymentPostprocessing = 0;
		};
/* End PBXSourcesBuildPhase section */

/* Begin PBXVariantGroup section */
		1331DC941C9A0B0300BB30AC /* Main.storyboard */ = {
			isa = PBXVariantGroup;
			children = (
				1331DC951C9A0B0300BB30AC /* Base */,
			);
			name = Main.storyboard;
			sourceTree = "<group>";
		};
		1331DC991C9A0B0300BB30AC /* LaunchScreen.storyboard */ = {
			isa = PBXVariantGroup;
			children = (
				1331DC9A1C9A0B0300BB30AC /* Base */,
			);
			name = LaunchScreen.storyboard;
			sourceTree = "<group>";
		};
/* End PBXVariantGroup section */

/* Begin XCBuildConfiguration section */
		1331DC9D1C9A0B0300BB30AC /* Debug */ = {
			isa = XCBuildConfiguration;
			buildSettings = {
				ALWAYS_SEARCH_USER_PATHS = NO;
				CLANG_CXX_LANGUAGE_STANDARD = "gnu++0x";
				CLANG_CXX_LIBRARY = "libc++";
				CLANG_ENABLE_MODULES = YES;
				CLANG_ENABLE_OBJC_ARC = YES;
				CLANG_WARN_BOOL_CONVERSION = YES;
				CLANG_WARN_CONSTANT_CONVERSION = YES;
				CLANG_WARN_DIRECT_OBJC_ISA_USAGE = YES_ERROR;
				CLANG_WARN_EMPTY_BODY = YES;
				CLANG_WARN_ENUM_CONVERSION = YES;
				CLANG_WARN_INT_CONVERSION = YES;
				CLANG_WARN_OBJC_ROOT_CLASS = YES_ERROR;
				CLANG_WARN_UNREACHABLE_CODE = YES;
				CLANG_WARN__DUPLICATE_METHOD_MATCH = YES;
				"CODE_SIGN_IDENTITY[sdk=iphoneos*]" = "iPhone Developer";
				COPY_PHASE_STRIP = NO;
				DEBUG_INFORMATION_FORMAT = dwarf;
				ENABLE_STRICT_OBJC_MSGSEND = YES;
				ENABLE_TESTABILITY = YES;
				GCC_C_LANGUAGE_STANDARD = gnu99;
				GCC_DYNAMIC_NO_PIC = NO;
				GCC_NO_COMMON_BLOCKS = YES;
				GCC_OPTIMIZATION_LEVEL = 0;
				GCC_PREPROCESSOR_DEFINITIONS = (
					"DEBUG=1",
					"$(inherited)",
				);
				GCC_WARN_64_TO_32_BIT_CONVERSION = YES;
				GCC_WARN_ABOUT_RETURN_TYPE = YES_ERROR;
				GCC_WARN_UNDECLARED_SELECTOR = YES;
				GCC_WARN_UNINITIALIZED_AUTOS = YES_AGGRESSIVE;
				GCC_WARN_UNUSED_FUNCTION = YES;
				GCC_WARN_UNUSED_VARIABLE = YES;
				IPHONEOS_DEPLOYMENT_TARGET = 9.2;
				MTL_ENABLE_DEBUG_INFO = YES;
				ONLY_ACTIVE_ARCH = YES;
				SDKROOT = iphoneos;
			};
			name = Debug;
		};
		1331DC9E1C9A0B0300BB30AC /* Release */ = {
			isa = XCBuildConfiguration;
			buildSettings = {
				ALWAYS_SEARCH_USER_PATHS = NO;
				CLANG_CXX_LANGUAGE_STANDARD = "gnu++0x";
				CLANG_CXX_LIBRARY = "libc++";
				CLANG_ENABLE_MODULES = YES;
				CLANG_ENABLE_OBJC_ARC = YES;
				CLANG_WARN_BOOL_CONVERSION = YES;
				CLANG_WARN_CONSTANT_CONVERSION = YES;
				CLANG_WARN_DIRECT_OBJC_ISA_USAGE = YES_ERROR;
				CLANG_WARN_EMPTY_BODY = YES;
				CLANG_WARN_ENUM_CONVERSION = YES;
				CLANG_WARN_INT_CONVERSION = YES;
				CLANG_WARN_OBJC_ROOT_CLASS = YES_ERROR;
				CLANG_WARN_UNREACHABLE_CODE = YES;
				CLANG_WARN__DUPLICATE_METHOD_MATCH = YES;
				"CODE_SIGN_IDENTITY[sdk=iphoneos*]" = "iPhone Developer";
				COPY_PHASE_STRIP = NO;
				DEBUG_INFORMATION_FORMAT = "dwarf-with-dsym";
				ENABLE_NS_ASSERTIONS = NO;
				ENABLE_STRICT_OBJC_MSGSEND = YES;
				GCC_C_LANGUAGE_STANDARD = gnu99;
				GCC_NO_COMMON_BLOCKS = YES;
				GCC_WARN_64_TO_32_BIT_CONVERSION = YES;
				GCC_WARN_ABOUT_RETURN_TYPE = YES_ERROR;
				GCC_WARN_UNDECLARED_SELECTOR = YES;
				GCC_WARN_UNINITIALIZED_AUTOS = YES_AGGRESSIVE;
				GCC_WARN_UNUSED_FUNCTION = YES;
				GCC_WARN_UNUSED_VARIABLE = YES;
				IPHONEOS_DEPLOYMENT_TARGET = 9.2;
				MTL_ENABLE_DEBUG_INFO = NO;
				SDKROOT = iphoneos;
				VALIDATE_PRODUCT = YES;
			};
			name = Release;
		};
		1331DCA01C9A0B0300BB30AC /* Debug */ = {
			isa = XCBuildConfiguration;
			buildSettings = {
				ASSETCATALOG_COMPILER_APPICON_NAME = AppIcon;
				INFOPLIST_FILE = Twitterizer/Info.plist;
				LD_RUNPATH_SEARCH_PATHS = "$(inherited) @executable_path/Frameworks";
				PRODUCT_BUNDLE_IDENTIFIER = sly.Twitterizer;
				PRODUCT_NAME = "$(TARGET_NAME)";
			};
			name = Debug;
		};
		1331DCA11C9A0B0300BB30AC /* Release */ = {
			isa = XCBuildConfiguration;
			buildSettings = {
				ASSETCATALOG_COMPILER_APPICON_NAME = AppIcon;
				INFOPLIST_FILE = Twitterizer/Info.plist;
				LD_RUNPATH_SEARCH_PATHS = "$(inherited) @executable_path/Frameworks";
				PRODUCT_BUNDLE_IDENTIFIER = sly.Twitterizer;
				PRODUCT_NAME = "$(TARGET_NAME)";
			};
			name = Release;
		};
/* End XCBuildConfiguration section */

/* Begin XCConfigurationList section */
		1331DC831C9A0B0300BB30AC /* Build configuration list for PBXProject "Twitterizer" */ = {
			isa = XCConfigurationList;
			buildConfigurations = (
				1331DC9D1C9A0B0300BB30AC /* Debug */,
				1331DC9E1C9A0B0300BB30AC /* Release */,
			);
			defaultConfigurationIsVisible = 0;
			defaultConfigurationName = Release;
		};
		1331DC9F1C9A0B0300BB30AC /* Build configuration list for PBXNativeTarget "Twitterizer" */ = {
			isa = XCConfigurationList;
			buildConfigurations = (
				1331DCA01C9A0B0300BB30AC /* Debug */,
				1331DCA11C9A0B0300BB30AC /* Release */,
			);
			defaultConfigurationIsVisible = 0;
		};
/* End XCConfigurationList section */
	};
	rootObject = 1331DC801C9A0B0300BB30AC /* Project object */;
}
